
Microsoft Visual Studio Solution File, Format Version 12.00
Project("{FAE04EC0-301F-11D3-BF4B-00C04F79EFBC}") = "RejestrOsobZaginionych", "RejestrOsobZaginionych\RejestrOsobZaginionych.csproj", "{014DE530-E2E4-46ED-9496-6EBA87959465}"
EndProject
Global
	GlobalSection(SolutionConfigurationPlatforms) = preSolution
		Debug|Any CPU = Debug|Any CPU
		Release|Any CPU = Release|Any CPU
	EndGlobalSection
	GlobalSection(ProjectConfigurationPlatforms) = postSolution
		{014DE530-E2E4-46ED-9496-6EBA87959465}.Debug|Any CPU.ActiveCfg = Debug|Any CPU
		{014DE530-E2E4-46ED-9496-6EBA87959465}.Debug|Any CPU.Build.0 = Debug|Any CPU
		{014DE530-E2E4-46ED-9496-6EBA87959465}.Release|Any CPU.ActiveCfg = Release|Any CPU
		{014DE530-E2E4-46ED-9496-6EBA87959465}.Release|Any CPU.Build.0 = Release|Any CPU
	EndGlobalSection
EndGlobal
